
Microsoft Visual Studio Solution File, Format Version 12.00
# Visual Studio 14
VisualStudioVersion = 14.0.25420.1
MinimumVisualStudioVersion = 10.0.40219.1
Project("{FAE04EC0-301F-11D3-BF4B-00C04F79EFBC}") = "BuechiMvvm.Wpf", "BuechiMvvm.Wpf\BuechiMvvm.Wpf.csproj", "{8CEAA329-3752-4573-99FF-8C5304ADEAB7}"
EndProject
Project("{FAE04EC0-301F-11D3-BF4B-00C04F79EFBC}") = "BuechiMvvm.ViewModels", "BuechiMvvm.ViewModels\BuechiMvvm.ViewModels.csproj", "{C713E494-FA03-43B7-9DD5-181627F00EA8}"
EndProject
Project("{FAE04EC0-301F-11D3-BF4B-00C04F79EFBC}") = "BuechiMvvm.Models", "BuechiMvvm.Models\BuechiMvvm.Models.csproj", "{EAD7BC0C-B5C0-45DE-BDD7-87FF36786072}"
EndProject
Project("{FAE04EC0-301F-11D3-BF4B-00C04F79EFBC}") = "BuechiMvvm.DAL", "BuechiMvvm.DAL\BuechiMvvm.DAL.csproj", "{645F6553-7BF3-4E11-9CC6-B5A48646CF7C}"
EndProject
Global
	GlobalSection(SolutionConfigurationPlatforms) = preSolution
		Debug|Any CPU = Debug|Any CPU
		Release|Any CPU = Release|Any CPU
	EndGlobalSection
	GlobalSection(ProjectConfigurationPlatforms) = postSolution
		{8CEAA329-3752-4573-99FF-8C5304ADEAB7}.Debug|Any CPU.ActiveCfg = Debug|Any CPU
		{8CEAA329-3752-4573-99FF-8C5304ADEAB7}.Debug|Any CPU.Build.0 = Debug|Any CPU
		{8CEAA329-3752-4573-99FF-8C5304ADEAB7}.Release|Any CPU.ActiveCfg = Release|Any CPU
		{8CEAA329-3752-4573-99FF-8C5304ADEAB7}.Release|Any CPU.Build.0 = Release|Any CPU
		{C713E494-FA03-43B7-9DD5-181627F00EA8}.Debug|Any CPU.ActiveCfg = Debug|Any CPU
		{C713E494-FA03-43B7-9DD5-181627F00EA8}.Debug|Any CPU.Build.0 = Debug|Any CPU
		{C713E494-FA03-43B7-9DD5-181627F00EA8}.Release|Any CPU.ActiveCfg = Release|Any CPU
		{C713E494-FA03-43B7-9DD5-181627F00EA8}.Release|Any CPU.Build.0 = Release|Any CPU
		{EAD7BC0C-B5C0-45DE-BDD7-87FF36786072}.Debug|Any CPU.ActiveCfg = Debug|Any CPU
		{EAD7BC0C-B5C0-45DE-BDD7-87FF36786072}.Debug|Any CPU.Build.0 = Debug|Any CPU
		{EAD7BC0C-B5C0-45DE-BDD7-87FF36786072}.Release|Any CPU.ActiveCfg = Release|Any CPU
		{EAD7BC0C-B5C0-45DE-BDD7-87FF36786072}.Release|Any CPU.Build.0 = Release|Any CPU
		{645F6553-7BF3-4E11-9CC6-B5A48646CF7C}.Debug|Any CPU.ActiveCfg = Debug|Any CPU
		{645F6553-7BF3-4E11-9CC6-B5A48646CF7C}.Debug|Any CPU.Build.0 = Debug|Any CPU
		{645F6553-7BF3-4E11-9CC6-B5A48646CF7C}.Release|Any CPU.ActiveCfg = Release|Any CPU
		{645F6553-7BF3-4E11-9CC6-B5A48646CF7C}.Release|Any CPU.Build.0 = Release|Any CPU
	EndGlobalSection
	GlobalSection(SolutionProperties) = preSolution
		HideSolutionNode = FALSE
	EndGlobalSection
EndGlobal
